
Microsoft Visual Studio Solution File, Format Version 12.00
# Visual Studio Version 17
VisualStudioVersion = 17.11.35327.3
MinimumVisualStudioVersion = 10.0.40219.1
Project("{FAE04EC0-301F-11D3-BF4B-00C04F79EFBC}") = "LTWINDOW_", "LTWINDOW_\LTWINDOW_.csproj", "{0DA86AF9-6774-4403-89B5-B564DF050657}"
EndProject
Global
	GlobalSection(SolutionConfigurationPlatforms) = preSolution
		Debug|Any CPU = Debug|Any CPU
		Release|Any CPU = Release|Any CPU
	EndGlobalSection
	GlobalSection(ProjectConfigurationPlatforms) = postSolution
		{0DA86AF9-6774-4403-89B5-B564DF050657}.Debug|Any CPU.ActiveCfg = Debug|Any CPU
		{0DA86AF9-6774-4403-89B5-B564DF050657}.Debug|Any CPU.Build.0 = Debug|Any CPU
		{0DA86AF9-6774-4403-89B5-B564DF050657}.Release|Any CPU.ActiveCfg = Release|Any CPU
		{0DA86AF9-6774-4403-89B5-B564DF050657}.Release|Any CPU.Build.0 = Release|Any CPU
	EndGlobalSection
	GlobalSection(SolutionProperties) = preSolution
		HideSolutionNode = FALSE
	EndGlobalSection
	GlobalSection(ExtensibilityGlobals) = postSolution
		SolutionGuid = {F6533FDD-83B6-4AB5-B290-4956AF53112C}
	EndGlobalSection
EndGlobal
